
Microsoft Visual Studio Solution File, Format Version 12.00
# Visual Studio Version 17
VisualStudioVersion = 17.3.32901.215
MinimumVisualStudioVersion = 10.0.40219.1
Project("{9A19103F-16F7-4668-BE54-9A1E7A4F7556}") = "TestDynamoDbListItemUpdate", "TestDynamoDbListItemUpdate.csproj", "{7691E57F-1D9D-4CAC-B175-F0154BE295FD}"
EndProject
Global
	GlobalSection(SolutionConfigurationPlatforms) = preSolution
		Debug|Any CPU = Debug|Any CPU
		Release|Any CPU = Release|Any CPU
	EndGlobalSection
	GlobalSection(ProjectConfigurationPlatforms) = postSolution
		{7691E57F-1D9D-4CAC-B175-F0154BE295FD}.Debug|Any CPU.ActiveCfg = Debug|Any CPU
		{7691E57F-1D9D-4CAC-B175-F0154BE295FD}.Debug|Any CPU.Build.0 = Debug|Any CPU
		{7691E57F-1D9D-4CAC-B175-F0154BE295FD}.Release|Any CPU.ActiveCfg = Release|Any CPU
		{7691E57F-1D9D-4CAC-B175-F0154BE295FD}.Release|Any CPU.Build.0 = Release|Any CPU
	EndGlobalSection
	GlobalSection(SolutionProperties) = preSolution
		HideSolutionNode = FALSE
	EndGlobalSection
	GlobalSection(ExtensibilityGlobals) = postSolution
		SolutionGuid = {23212313-E09E-43C5-B691-FD0C446307C9}
	EndGlobalSection
EndGlobal
